<?xml version="1.0" encoding="utf-8"?>
<Project ToolsVersion="4.0" xmlns="http://schemas.microsoft.com/developer/msbuild/2003">
  <ItemGroup>
    <Filter Include="Исходные файлы">
      <UniqueIdentifier>{4FC737F1-C7A5-4376-A066-2A32D752A2FF}</UniqueIdentifier>
      <Extensions>cpp;c;cc;cxx;c++;cppm;ixx;def;odl;idl;hpj;bat;asm;asmx</Extensions>
    </Filter>
    <Filter Include="Файлы заголовков">
      <UniqueIdentifier>{93995380-89BD-4b04-88EB-625FBE52EBFB}</UniqueIdentifier>
      <Extensions>h;hh;hpp;hxx;h++;hm;inl;inc;ipp;xsd</Extensions>
    </Filter>
    <Filter Include="Файлы ресурсов">
      <UniqueIdentifier>{67DA6AB6-F800-4c08-8B7A-83BB121AAD01}</UniqueIdentifier>
      <Extensions>rc;ico;cur;bmp;dlg;rc2;rct;bin;rgs;gif;jpg;jpeg;jpe;resx;tiff;tif;png;wav;mfcribbon-ms</Extensions>
    </Filter>
  </ItemGroup>
  <ItemGroup>
    <ClInclude Include="framework.h">
      <Filter>Файлы заголовков</Filter>
    </ClInclude>
    <ClInclude Include="targetver.h">
      <Filter>Файлы заголовков</Filter>
    </ClInclude>
    <ClInclude Include="Resource.h">
      <Filter>Файлы заголовков</Filter>
    </ClInclude>
    <ClInclude Include="ProjectOne.h">
      <Filter>Файлы заголовков</Filter>
    </ClInclude>
    <ClInclude Include="Apple.h">
      <Filter>Исходные файлы</Filter>
    </ClInclude>
    <ClInclude Include="AskNicknameMenu.h">
      <Filter>Исходные файлы</Filter>
    </ClInclude>
    <ClInclude Include="Assets.h">
      <Filter>Исходные файлы</Filter>
    </ClInclude>
    <ClInclude Include="Cell.h">
      <Filter>Исходные файлы</Filter>
    </ClInclude>
    <ClInclude Include="Constants.h">
      <Filter>Исходные файлы</Filter>
    </ClInclude>
    <ClInclude Include="DifficultyLevel.h">
      <Filter>Исходные файлы</Filter>
    </ClInclude>
    <ClInclude Include="DifficultyLevelMenu.h">
      <Filter>Исходные файлы</Filter>
    </ClInclude>
    <ClInclude Include="Direction.h">
      <Filter>Исходные файлы</Filter>
    </ClInclude>
    <ClInclude Include="Field.h">
      <Filter>Исходные файлы</Filter>
    </ClInclude>
    <ClInclude Include="Game.h">
      <Filter>Исходные файлы</Filter>
    </ClInclude>
    <ClInclude Include="GameOverMenu.h">
      <Filter>Исходные файлы</Filter>
    </ClInclude>
    <ClInclude Include="HUD.h">
      <Filter>Исходные файлы</Filter>
    </ClInclude>
    <ClInclude Include="Leaderboard.h">
      <Filter>Исходные файлы</Filter>
    </ClInclude>
    <ClInclude Include="LeaderboardMenu.h">
      <Filter>Исходные файлы</Filter>
    </ClInclude>
    <ClInclude Include="MainMenu.h">
      <Filter>Исходные файлы</Filter>
    </ClInclude>
    <ClInclude Include="Math.h">
      <Filter>Исходные файлы</Filter>
    </ClInclude>
    <ClInclude Include="PauseMenu.h">
      <Filter>Исходные файлы</Filter>
    </ClInclude>
    <ClInclude Include="Segment.h">
      <Filter>Исходные файлы</Filter>
    </ClInclude>
    <ClInclude Include="Settings.h">
      <Filter>Исходные файлы</Filter>
    </ClInclude>
    <ClInclude Include="SettingsMenu.h">
      <Filter>Исходные файлы</Filter>
    </ClInclude>
    <ClInclude Include="Shared.h">
      <Filter>Исходные файлы</Filter>
    </ClInclude>
    <ClInclude Include="Snake.h">
      <Filter>Исходные файлы</Filter>
    </ClInclude>
    <ClInclude Include="TurnPoint.h">
      <Filter>Исходные файлы</Filter>
    </ClInclude>
    <ClInclude Include="UI.h">
      <Filter>Исходные файлы</Filter>
    </ClInclude>
  </ItemGroup>
  <ItemGroup>
    <ClCompile Include="GameMain.cpp">
      <Filter>Исходные файлы</Filter>
    </ClCompile>
    <ClCompile Include="Apple.cpp">
      <Filter>Исходные файлы</Filter>
    </ClCompile>
    <ClCompile Include="AskNicknameMenu.cpp">
      <Filter>Исходные файлы</Filter>
    </ClCompile>
    <ClCompile Include="Cell.cpp">
      <Filter>Исходные файлы</Filter>
    </ClCompile>
    <ClCompile Include="DifficultyLevel.cpp">
      <Filter>Исходные файлы</Filter>
    </ClCompile>
    <ClCompile Include="DifficultyLevelMenu.cpp">
      <Filter>Исходные файлы</Filter>
    </ClCompile>
    <ClCompile Include="Field.cpp">
      <Filter>Исходные файлы</Filter>
    </ClCompile>
    <ClCompile Include="Game.cpp">
      <Filter>Исходные файлы</Filter>
    </ClCompile>
    <ClCompile Include="GameOverMenu.cpp">
      <Filter>Исходные файлы</Filter>
    </ClCompile>
    <ClCompile Include="HUD.cpp">
      <Filter>Исходные файлы</Filter>
    </ClCompile>
    <ClCompile Include="Leaderboard.cpp">
      <Filter>Исходные файлы</Filter>
    </ClCompile>
    <ClCompile Include="LeaderboardMenu.cpp">
      <Filter>Исходные файлы</Filter>
    </ClCompile>
    <ClCompile Include="MainMenu.cpp">
      <Filter>Исходные файлы</Filter>
    </ClCompile>
    <ClCompile Include="Math.cpp">
      <Filter>Исходные файлы</Filter>
    </ClCompile>
    <ClCompile Include="PauseMenu.cpp">
      <Filter>Исходные файлы</Filter>
    </ClCompile>
    <ClCompile Include="Segment.cpp">
      <Filter>Исходные файлы</Filter>
    </ClCompile>
    <ClCompile Include="SettingsMenu.cpp">
      <Filter>Исходные файлы</Filter>
    </ClCompile>
    <ClCompile Include="Shared.cpp">
      <Filter>Исходные файлы</Filter>
    </ClCompile>
    <ClCompile Include="Snake.cpp">
      <Filter>Исходные файлы</Filter>
    </ClCompile>
    <ClCompile Include="TurnPoint.cpp">
      <Filter>Исходные файлы</Filter>
    </ClCompile>
  </ItemGroup>
  <ItemGroup>
    <ResourceCompile Include="ProjectOne.rc">
      <Filter>Файлы ресурсов</Filter>
    </ResourceCompile>
  </ItemGroup>
  <ItemGroup>
    <Image Include="small.ico">
      <Filter>Файлы ресурсов</Filter>
    </Image>
    <Image Include="ProjectOne.ico">
      <Filter>Файлы ресурсов</Filter>
    </Image>
  </ItemGroup>
</Project>